{
  "nodes": {
    "fenix": {
      "inputs": {
        "nixpkgs": [
          "nixpkgs"
        ],
        "rust-analyzer-src": "rust-analyzer-src"
      },
      "locked": {
        "lastModified": 1640240738,
        "narHash": "sha256-DEdTO8EhFUxfIA70WI8svRUk8hkZCY5wjYP0XWX5ZE8=",
        "owner": "nix-community",
        "repo": "fenix",
        "rev": "8f37b02a8dcc875a314dcae741795dca5cda3694",
        "type": "github"
      },
      "original": {
        "owner": "nix-community",
        "repo": "fenix",
        "type": "github"
      }
    },
    "flake-lib": {
      "inputs": {
        "nixpkgs": [
          "nixpkgs"
        ]
      },
      "locked": {
        "lastModified": 1640274587,
        "narHash": "sha256-BI+8MA4F/MnAve2n0PF/AtlXe1/69skwlN7TxBf8ldY=",
        "ref": "main",
        "rev": "22d18f0bf3d96b7f967fa0ee8e7d1f5341fa6885",
        "revCount": 3,
        "type": "git",
        "url": "ssh://git@github.com/simonchatts/flake-lib"
      },
      "original": {
        "ref": "main",
        "type": "git",
        "url": "ssh://git@github.com/simonchatts/flake-lib"
      }
    },
    "nixpkgs": {
      "locked": {
        "lastModified": 1638806821,
        "narHash": "sha256-v2qd2Bsmzft53s43eCbN+4ocrLksRdFLyF/MAGuWuDA=",
        "owner": "NixOS",
        "repo": "nixpkgs",
        "rev": "bc5d68306b40b8522ffb69ba6cff91898c2fbbff",
        "type": "github"
      },
      "original": {
        "id": "nixpkgs",
        "type": "indirect"
      }
    },
    "root": {
      "inputs": {
        "fenix": "fenix",
        "flake-lib": "flake-lib",
        "nixpkgs": "nixpkgs"
      }
    },
    "rust-analyzer-src": {
      "flake": false,
      "locked": {
        "lastModified": 1640201652,
        "narHash": "sha256-RNeSmt12pG4ZKFuPKBtmLfrtS/YB9HIRz4UzV4SxWtk=",
        "owner": "rust-analyzer",
        "repo": "rust-analyzer",
        "rev": "4ea1f58bf6b3fd5bb59ed583f2ac432e237e1e1e",
        "type": "github"
      },
      "original": {
        "owner": "rust-analyzer",
        "ref": "nightly",
        "repo": "rust-analyzer",
        "type": "github"
      }
    }
  },
  "root": "root",
  "version": 7
}
