{
  "nodes": {
    "fenix": {
      "inputs": {
        "nixpkgs": [
          "nixpkgs"
        ],
        "rust-analyzer-src": "rust-analyzer-src"
      },
      "locked": {
        "lastModified": 1648707977,
        "narHash": "sha256-b8d0KyogxhyBEGFwPIG8lub/5YxkFybN4Htl/h2Ihqg=",
        "owner": "nix-community",
        "repo": "fenix",
        "rev": "985a64f6ac2c1f36d7cd7076096f9fdbf1eae0b7",
        "type": "github"
      },
      "original": {
        "owner": "nix-community",
        "repo": "fenix",
        "type": "github"
      }
    },
    "nixpkgs": {
      "locked": {
        "lastModified": 1647350163,
        "narHash": "sha256-OcMI+PFEHTONthXuEQNddt16Ml7qGvanL3x8QOl2Aao=",
        "owner": "NixOS",
        "repo": "nixpkgs",
        "rev": "3eb07eeafb52bcbf02ce800f032f18d666a9498d",
        "type": "github"
      },
      "original": {
        "id": "nixpkgs",
        "type": "indirect"
      }
    },
    "root": {
      "inputs": {
        "fenix": "fenix",
        "nixpkgs": "nixpkgs"
      }
    },
    "rust-analyzer-src": {
      "flake": false,
      "locked": {
        "lastModified": 1648648130,
        "narHash": "sha256-i7PNH20SGr0w3tP4ipIRhaK21IYo66y1YdYW+5HcJ/8=",
        "owner": "rust-analyzer",
        "repo": "rust-analyzer",
        "rev": "259182b50b131647975926e8c94aad4c47d33747",
        "type": "github"
      },
      "original": {
        "owner": "rust-analyzer",
        "ref": "nightly",
        "repo": "rust-analyzer",
        "type": "github"
      }
    }
  },
  "root": "root",
  "version": 7
}
